
Microsoft Visual Studio Solution File, Format Version 11.00
# Visual Studio 2010
Project("{325B8569-0C7C-4A6A-8AF8-89C3B6BC9E74}") = "RubyApplication2", "RubyApplication2\RubyApplication2.stproj", "{0DAE14DF-FFBA-4F57-B7EE-AA553B492AD1}"
EndProject
Global
	GlobalSection(SolutionConfigurationPlatforms) = preSolution
		Debug|AnyCPU = Debug|AnyCPU
		Release|AnyCPU = Release|AnyCPU
	EndGlobalSection
	GlobalSection(ProjectConfigurationPlatforms) = postSolution
		{0DAE14DF-FFBA-4F57-B7EE-AA553B492AD1}.Debug|AnyCPU.ActiveCfg = Debug|AnyCPU
		{0DAE14DF-FFBA-4F57-B7EE-AA553B492AD1}.Debug|AnyCPU.Build.0 = Debug|AnyCPU
		{0DAE14DF-FFBA-4F57-B7EE-AA553B492AD1}.Release|AnyCPU.ActiveCfg = Release|AnyCPU
		{0DAE14DF-FFBA-4F57-B7EE-AA553B492AD1}.Release|AnyCPU.Build.0 = Release|AnyCPU
	EndGlobalSection
	GlobalSection(SolutionProperties) = preSolution
		HideSolutionNode = FALSE
	EndGlobalSection
EndGlobal
